
Microsoft Visual Studio Solution File, Format Version 12.00
# Visual Studio Version 17
VisualStudioVersion = 17.5.002.0
MinimumVisualStudioVersion = 10.0.40219.1
Project("{9A19103F-16F7-4668-BE54-9A1E7A4F7556}") = "DiscordNetTemplate", "DiscordNetTemplate.csproj", "{ADC066A6-8C3B-442A-A47E-10D4681A1A41}"
EndProject
Global
	GlobalSection(SolutionConfigurationPlatforms) = preSolution
		Debug|Any CPU = Debug|Any CPU
		Release|Any CPU = Release|Any CPU
	EndGlobalSection
	GlobalSection(ProjectConfigurationPlatforms) = postSolution
		{ADC066A6-8C3B-442A-A47E-10D4681A1A41}.Debug|Any CPU.ActiveCfg = Debug|Any CPU
		{ADC066A6-8C3B-442A-A47E-10D4681A1A41}.Debug|Any CPU.Build.0 = Debug|Any CPU
		{ADC066A6-8C3B-442A-A47E-10D4681A1A41}.Release|Any CPU.ActiveCfg = Release|Any CPU
		{ADC066A6-8C3B-442A-A47E-10D4681A1A41}.Release|Any CPU.Build.0 = Release|Any CPU
	EndGlobalSection
	GlobalSection(SolutionProperties) = preSolution
		HideSolutionNode = FALSE
	EndGlobalSection
	GlobalSection(ExtensibilityGlobals) = postSolution
		SolutionGuid = {BDFE46F4-693E-40F9-AD11-76DC92A851C0}
	EndGlobalSection
EndGlobal
